[root]
name = "playout-rs"
version = "0.1.0"
dependencies = [
 "gstreamer 0.7.0 (registry+https://github.com/rust-lang/crates.io-index)",
]

[[package]]
name = "gstreamer"
version = "0.7.0"
source = "registry+https://github.com/rust-lang/crates.io-index"

[metadata]
"checksum gstreamer 0.7.0 (registry+https://github.com/rust-lang/crates.io-index)" = "e64aa92ef8098be6cc02af604a97f86a68b9265cf51cafd6d850dccba639af19"
